
Microsoft Visual Studio Solution File, Format Version 10.00
# Visual Studio 2008
Project("{FAE04EC0-301F-11D3-BF4B-00C04F79EFBC}") = "UnitTiming", "UnitTiming\UnitTiming.csproj", "{79F3D85F-3509-41EB-8239-4DB92E816A7A}"
EndProject
Project("{FAE04EC0-301F-11D3-BF4B-00C04F79EFBC}") = "Tests", "Tests\Tests.csproj", "{7765A023-7D0F-4E25-B6F1-51E85E18577E}"
EndProject
Project("{FAE04EC0-301F-11D3-BF4B-00C04F79EFBC}") = "UnitTimingTool", "UnitTimingTool\UnitTimingTool.csproj", "{9E6CE4B1-316B-4CCD-B822-8BF9BBBE63DC}"
EndProject
Global
	GlobalSection(SolutionConfigurationPlatforms) = preSolution
		Debug|Any CPU = Debug|Any CPU
		Debug|x86 = Debug|x86
		Release|Any CPU = Release|Any CPU
		Release|x86 = Release|x86
	EndGlobalSection
	GlobalSection(ProjectConfigurationPlatforms) = postSolution
		{79F3D85F-3509-41EB-8239-4DB92E816A7A}.Debug|Any CPU.ActiveCfg = Debug|Any CPU
		{79F3D85F-3509-41EB-8239-4DB92E816A7A}.Debug|Any CPU.Build.0 = Debug|Any CPU
		{79F3D85F-3509-41EB-8239-4DB92E816A7A}.Debug|x86.ActiveCfg = Debug|Any CPU
		{79F3D85F-3509-41EB-8239-4DB92E816A7A}.Release|Any CPU.ActiveCfg = Release|Any CPU
		{79F3D85F-3509-41EB-8239-4DB92E816A7A}.Release|Any CPU.Build.0 = Release|Any CPU
		{79F3D85F-3509-41EB-8239-4DB92E816A7A}.Release|x86.ActiveCfg = Release|Any CPU
		{7765A023-7D0F-4E25-B6F1-51E85E18577E}.Debug|Any CPU.ActiveCfg = Debug|Any CPU
		{7765A023-7D0F-4E25-B6F1-51E85E18577E}.Debug|Any CPU.Build.0 = Debug|Any CPU
		{7765A023-7D0F-4E25-B6F1-51E85E18577E}.Debug|x86.ActiveCfg = Debug|Any CPU
		{7765A023-7D0F-4E25-B6F1-51E85E18577E}.Release|Any CPU.ActiveCfg = Release|Any CPU
		{7765A023-7D0F-4E25-B6F1-51E85E18577E}.Release|Any CPU.Build.0 = Release|Any CPU
		{7765A023-7D0F-4E25-B6F1-51E85E18577E}.Release|x86.ActiveCfg = Release|Any CPU
		{9E6CE4B1-316B-4CCD-B822-8BF9BBBE63DC}.Debug|Any CPU.ActiveCfg = Debug|Any CPU
		{9E6CE4B1-316B-4CCD-B822-8BF9BBBE63DC}.Debug|Any CPU.Build.0 = Debug|Any CPU
		{9E6CE4B1-316B-4CCD-B822-8BF9BBBE63DC}.Debug|x86.ActiveCfg = Debug|Any CPU
		{9E6CE4B1-316B-4CCD-B822-8BF9BBBE63DC}.Release|Any CPU.ActiveCfg = Release|Any CPU
		{9E6CE4B1-316B-4CCD-B822-8BF9BBBE63DC}.Release|Any CPU.Build.0 = Release|Any CPU
		{9E6CE4B1-316B-4CCD-B822-8BF9BBBE63DC}.Release|x86.ActiveCfg = Release|Any CPU
	EndGlobalSection
	GlobalSection(SolutionProperties) = preSolution
		HideSolutionNode = FALSE
	EndGlobalSection
EndGlobal
